// !$*UTF8*$!
{
	archiveVersion = 1;
	classes = {
	};
	objectVersion = 56;
	objects = {

/* Begin PBXBuildFile section */
		17E808772A42DE2D00E5CC1B /* SnippetBoxApp.swift in Sources */ = {isa = PBXBuildFile; fileRef = 17E808762A42DE2D00E5CC1B /* SnippetBoxApp.swift */; };
		17E808792A42DE2D00E5CC1B /* Persistence.swift in Sources */ = {isa = PBXBuildFile; fileRef = 17E808782A42DE2D00E5CC1B /* Persistence.swift */; };
		17E8087C2A42DE2D00E5CC1B /* SnippetBox.xcdatamodeld in Sources */ = {isa = PBXBuildFile; fileRef = 17E8087A2A42DE2D00E5CC1B /* SnippetBox.xcdatamodeld */; };
		17E8087E2A42DE2D00E5CC1B /* ContentView.swift in Sources */ = {isa = PBXBuildFile; fileRef = 17E8087D2A42DE2D00E5CC1B /* ContentView.swift */; };
		17E808802A42DE2E00E5CC1B /* Assets.xcassets in Resources */ = {isa = PBXBuildFile; fileRef = 17E8087F2A42DE2E00E5CC1B /* Assets.xcassets */; };
		17E808842A42DE2E00E5CC1B /* Preview Assets.xcassets in Resources */ = {isa = PBXBuildFile; fileRef = 17E808832A42DE2E00E5CC1B /* Preview Assets.xcassets */; };
		17E8088E2A42DE2E00E5CC1B /* SnippetBoxTests.swift in Sources */ = {isa = PBXBuildFile; fileRef = 17E8088D2A42DE2E00E5CC1B /* SnippetBoxTests.swift */; };
		17E808982A42DE2E00E5CC1B /* SnippetBoxUITests.swift in Sources */ = {isa = PBXBuildFile; fileRef = 17E808972A42DE2E00E5CC1B /* SnippetBoxUITests.swift */; };
		17E8089A2A42DE2E00E5CC1B /* SnippetBoxUITestsLaunchTests.swift in Sources */ = {isa = PBXBuildFile; fileRef = 17E808992A42DE2E00E5CC1B /* SnippetBoxUITestsLaunchTests.swift */; };
		17E808A82A42E0DB00E5CC1B /* Snippet+helper.swift in Sources */ = {isa = PBXBuildFile; fileRef = 17E808A72A42E0DB00E5CC1B /* Snippet+helper.swift */; };
		17E808AA2A42E0E400E5CC1B /* Folder+helper.swift in Sources */ = {isa = PBXBuildFile; fileRef = 17E808A92A42E0E400E5CC1B /* Folder+helper.swift */; };
		17E808AC2A42E0F000E5CC1B /* Tag+helper.swift in Sources */ = {isa = PBXBuildFile; fileRef = 17E808AB2A42E0F000E5CC1B /* Tag+helper.swift */; };
		17E808AF2A42E3A200E5CC1B /* NSPredicate+Helper.swift in Sources */ = {isa = PBXBuildFile; fileRef = 17E808AE2A42E3A200E5CC1B /* NSPredicate+Helper.swift */; };
		17E808B12A42E3FC00E5CC1B /* FolderListView.swift in Sources */ = {isa = PBXBuildFile; fileRef = 17E808B02A42E3FC00E5CC1B /* FolderListView.swift */; };
		17E808B32A42E40D00E5CC1B /* SnippetListView.swift in Sources */ = {isa = PBXBuildFile; fileRef = 17E808B22A42E40D00E5CC1B /* SnippetListView.swift */; };
		17E808B52A42E41600E5CC1B /* SnippetDetailView.swift in Sources */ = {isa = PBXBuildFile; fileRef = 17E808B42A42E41600E5CC1B /* SnippetDetailView.swift */; };
		17E808B72A42E49C00E5CC1B /* Color+Helper.swift in Sources */ = {isa = PBXBuildFile; fileRef = 17E808B62A42E49C00E5CC1B /* Color+Helper.swift */; };
		17E808BA2A43075900E5CC1B /* CodeEditor in Frameworks */ = {isa = PBXBuildFile; productRef = 17E808B92A43075900E5CC1B /* CodeEditor */; };
		17E808BD2A430B9100E5CC1B /* macOS.swift in Sources */ = {isa = PBXBuildFile; fileRef = 17E808BC2A430B9100E5CC1B /* macOS.swift */; platformFilters = (macos, ); };
		17E808BF2A430BBD00E5CC1B /* SnippetImageView.swift in Sources */ = {isa = PBXBuildFile; fileRef = 17E808BE2A430BBD00E5CC1B /* SnippetImageView.swift */; };
		17E808C12A430C7200E5CC1B /* ImageSelectorButton.swift in Sources */ = {isa = PBXBuildFile; fileRef = 17E808C02A430C7200E5CC1B /* ImageSelectorButton.swift */; };
		17E808C32A430F7900E5CC1B /* FavoriteToggleStyle.swift in Sources */ = {isa = PBXBuildFile; fileRef = 17E808C22A430F7900E5CC1B /* FavoriteToggleStyle.swift */; };
		17E808C52A4317EC00E5CC1B /* AddTagToSnippetsView.swift in Sources */ = {isa = PBXBuildFile; fileRef = 17E808C42A4317EC00E5CC1B /* AddTagToSnippetsView.swift */; };
		17E808C72A4318B100E5CC1B /* NewTagView.swift in Sources */ = {isa = PBXBuildFile; fileRef = 17E808C62A4318B100E5CC1B /* NewTagView.swift */; };
		17E808C92A431EE700E5CC1B /* FolderRow.swift in Sources */ = {isa = PBXBuildFile; fileRef = 17E808C82A431EE700E5CC1B /* FolderRow.swift */; };
		17E808CB2A43221400E5CC1B /* iOS.swift in Sources */ = {isa = PBXBuildFile; fileRef = 17E808CA2A43221400E5CC1B /* iOS.swift */; platformFilter = ios; };
/* End PBXBuildFile section */

/* Begin PBXContainerItemProxy section */
		17E8088A2A42DE2E00E5CC1B /* PBXContainerItemProxy */ = {
			isa = PBXContainerItemProxy;
			containerPortal = 17E8086B2A42DE2D00E5CC1B /* Project object */;
			proxyType = 1;
			remoteGlobalIDString = 17E808722A42DE2D00E5CC1B;
			remoteInfo = SnippetBox;
		};
		17E808942A42DE2E00E5CC1B /* PBXContainerItemProxy */ = {
			isa = PBXContainerItemProxy;
			containerPortal = 17E8086B2A42DE2D00E5CC1B /* Project object */;
			proxyType = 1;
			remoteGlobalIDString = 17E808722A42DE2D00E5CC1B;
			remoteInfo = SnippetBox;
		};
/* End PBXContainerItemProxy section */

/* Begin PBXFileReference section */
		17E808732A42DE2D00E5CC1B /* SnippetBox.app */ = {isa = PBXFileReference; explicitFileType = wrapper.application; includeInIndex = 0; path = SnippetBox.app; sourceTree = BUILT_PRODUCTS_DIR; };
		17E808762A42DE2D00E5CC1B /* SnippetBoxApp.swift */ = {isa = PBXFileReference; lastKnownFileType = sourcecode.swift; path = SnippetBoxApp.swift; sourceTree = "<group>"; };
		17E808782A42DE2D00E5CC1B /* Persistence.swift */ = {isa = PBXFileReference; lastKnownFileType = sourcecode.swift; path = Persistence.swift; sourceTree = "<group>"; };
		17E8087B2A42DE2D00E5CC1B /* SnippetBox.xcdatamodel */ = {isa = PBXFileReference; lastKnownFileType = wrapper.xcdatamodel; path = SnippetBox.xcdatamodel; sourceTree = "<group>"; };
		17E8087D2A42DE2D00E5CC1B /* ContentView.swift */ = {isa = PBXFileReference; lastKnownFileType = sourcecode.swift; path = ContentView.swift; sourceTree = "<group>"; };
		17E8087F2A42DE2E00E5CC1B /* Assets.xcassets */ = {isa = PBXFileReference; lastKnownFileType = folder.assetcatalog; path = Assets.xcassets; sourceTree = "<group>"; };
		17E808812A42DE2E00E5CC1B /* SnippetBox.entitlements */ = {isa = PBXFileReference; lastKnownFileType = text.plist.entitlements; path = SnippetBox.entitlements; sourceTree = "<group>"; };
		17E808832A42DE2E00E5CC1B /* Preview Assets.xcassets */ = {isa = PBXFileReference; lastKnownFileType = folder.assetcatalog; path = "Preview Assets.xcassets"; sourceTree = "<group>"; };
		17E808892A42DE2E00E5CC1B /* SnippetBoxTests.xctest */ = {isa = PBXFileReference; explicitFileType = wrapper.cfbundle; includeInIndex = 0; path = SnippetBoxTests.xctest; sourceTree = BUILT_PRODUCTS_DIR; };
		17E8088D2A42DE2E00E5CC1B /* SnippetBoxTests.swift */ = {isa = PBXFileReference; lastKnownFileType = sourcecode.swift; path = SnippetBoxTests.swift; sourceTree = "<group>"; };
		17E808932A42DE2E00E5CC1B /* SnippetBoxUITests.xctest */ = {isa = PBXFileReference; explicitFileType = wrapper.cfbundle; includeInIndex = 0; path = SnippetBoxUITests.xctest; sourceTree = BUILT_PRODUCTS_DIR; };
		17E808972A42DE2E00E5CC1B /* SnippetBoxUITests.swift */ = {isa = PBXFileReference; lastKnownFileType = sourcecode.swift; path = SnippetBoxUITests.swift; sourceTree = "<group>"; };
		17E808992A42DE2E00E5CC1B /* SnippetBoxUITestsLaunchTests.swift */ = {isa = PBXFileReference; lastKnownFileType = sourcecode.swift; path = SnippetBoxUITestsLaunchTests.swift; sourceTree = "<group>"; };
		17E808A72A42E0DB00E5CC1B /* Snippet+helper.swift */ = {isa = PBXFileReference; lastKnownFileType = sourcecode.swift; path = "Snippet+helper.swift"; sourceTree = "<group>"; };
		17E808A92A42E0E400E5CC1B /* Folder+helper.swift */ = {isa = PBXFileReference; lastKnownFileType = sourcecode.swift; path = "Folder+helper.swift"; sourceTree = "<group>"; };
		17E808AB2A42E0F000E5CC1B /* Tag+helper.swift */ = {isa = PBXFileReference; lastKnownFileType = sourcecode.swift; path = "Tag+helper.swift"; sourceTree = "<group>"; };
		17E808AE2A42E3A200E5CC1B /* NSPredicate+Helper.swift */ = {isa = PBXFileReference; fileEncoding = 4; lastKnownFileType = sourcecode.swift; path = "NSPredicate+Helper.swift"; sourceTree = "<group>"; };
		17E808B02A42E3FC00E5CC1B /* FolderListView.swift */ = {isa = PBXFileReference; lastKnownFileType = sourcecode.swift; path = FolderListView.swift; sourceTree = "<group>"; };
		17E808B22A42E40D00E5CC1B /* SnippetListView.swift */ = {isa = PBXFileReference; lastKnownFileType = sourcecode.swift; path = SnippetListView.swift; sourceTree = "<group>"; };
		17E808B42A42E41600E5CC1B /* SnippetDetailView.swift */ = {isa = PBXFileReference; lastKnownFileType = sourcecode.swift; path = SnippetDetailView.swift; sourceTree = "<group>"; };
		17E808B62A42E49C00E5CC1B /* Color+Helper.swift */ = {isa = PBXFileReference; fileEncoding = 4; lastKnownFileType = sourcecode.swift; path = "Color+Helper.swift"; sourceTree = "<group>"; };
		17E808BC2A430B9100E5CC1B /* macOS.swift */ = {isa = PBXFileReference; fileEncoding = 4; lastKnownFileType = sourcecode.swift; path = macOS.swift; sourceTree = "<group>"; };
		17E808BE2A430BBD00E5CC1B /* SnippetImageView.swift */ = {isa = PBXFileReference; lastKnownFileType = sourcecode.swift; path = SnippetImageView.swift; sourceTree = "<group>"; };
		17E808C02A430C7200E5CC1B /* ImageSelectorButton.swift */ = {isa = PBXFileReference; lastKnownFileType = sourcecode.swift; path = ImageSelectorButton.swift; sourceTree = "<group>"; };
		17E808C22A430F7900E5CC1B /* FavoriteToggleStyle.swift */ = {isa = PBXFileReference; lastKnownFileType = sourcecode.swift; path = FavoriteToggleStyle.swift; sourceTree = "<group>"; };
		17E808C42A4317EC00E5CC1B /* AddTagToSnippetsView.swift */ = {isa = PBXFileReference; lastKnownFileType = sourcecode.swift; path = AddTagToSnippetsView.swift; sourceTree = "<group>"; };
		17E808C62A4318B100E5CC1B /* NewTagView.swift */ = {isa = PBXFileReference; lastKnownFileType = sourcecode.swift; path = NewTagView.swift; sourceTree = "<group>"; };
		17E808C82A431EE700E5CC1B /* FolderRow.swift */ = {isa = PBXFileReference; lastKnownFileType = sourcecode.swift; path = FolderRow.swift; sourceTree = "<group>"; };
		17E808CA2A43221400E5CC1B /* iOS.swift */ = {isa = PBXFileReference; fileEncoding = 4; lastKnownFileType = sourcecode.swift; path = iOS.swift; sourceTree = "<group>"; };
/* End PBXFileReference section */

/* Begin PBXFrameworksBuildPhase section */
		17E808702A42DE2D00E5CC1B /* Frameworks */ = {
			isa = PBXFrameworksBuildPhase;
			buildActionMask = 2147483647;
			files = (
				17E808BA2A43075900E5CC1B /* CodeEditor in Frameworks */,
			);
			runOnlyForDeploymentPostprocessing = 0;
		};
		17E808862A42DE2E00E5CC1B /* Frameworks */ = {
			isa = PBXFrameworksBuildPhase;
			buildActionMask = 2147483647;
			files = (
			);
			runOnlyForDeploymentPostprocessing = 0;
		};
		17E808902A42DE2E00E5CC1B /* Frameworks */ = {
			isa = PBXFrameworksBuildPhase;
			buildActionMask = 2147483647;
			files = (
			);
			runOnlyForDeploymentPostprocessing = 0;
		};
/* End PBXFrameworksBuildPhase section */

/* Begin PBXGroup section */
		17E8086A2A42DE2D00E5CC1B = {
			isa = PBXGroup;
			children = (
				17E808752A42DE2D00E5CC1B /* SnippetBox */,
				17E8088C2A42DE2E00E5CC1B /* SnippetBoxTests */,
				17E808962A42DE2E00E5CC1B /* SnippetBoxUITests */,
				17E808742A42DE2D00E5CC1B /* Products */,
			);
			sourceTree = "<group>";
		};
		17E808742A42DE2D00E5CC1B /* Products */ = {
			isa = PBXGroup;
			children = (
				17E808732A42DE2D00E5CC1B /* SnippetBox.app */,
				17E808892A42DE2E00E5CC1B /* SnippetBoxTests.xctest */,
				17E808932A42DE2E00E5CC1B /* SnippetBoxUITests.xctest */,
			);
			name = Products;
			sourceTree = "<group>";
		};
		17E808752A42DE2D00E5CC1B /* SnippetBox */ = {
			isa = PBXGroup;
			children = (
				17E808762A42DE2D00E5CC1B /* SnippetBoxApp.swift */,
				17E8087D2A42DE2D00E5CC1B /* ContentView.swift */,
				17E808B02A42E3FC00E5CC1B /* FolderListView.swift */,
				17E808C82A431EE700E5CC1B /* FolderRow.swift */,
				17E808B22A42E40D00E5CC1B /* SnippetListView.swift */,
				17E808B42A42E41600E5CC1B /* SnippetDetailView.swift */,
				17E808BE2A430BBD00E5CC1B /* SnippetImageView.swift */,
				17E808C02A430C7200E5CC1B /* ImageSelectorButton.swift */,
				17E808C22A430F7900E5CC1B /* FavoriteToggleStyle.swift */,
				17E808C42A4317EC00E5CC1B /* AddTagToSnippetsView.swift */,
				17E808C62A4318B100E5CC1B /* NewTagView.swift */,
				17E808BB2A430B7800E5CC1B /* helper */,
				17E808AD2A42E31A00E5CC1B /* core data */,
				17E8087A2A42DE2D00E5CC1B /* SnippetBox.xcdatamodeld */,
				17E8087F2A42DE2E00E5CC1B /* Assets.xcassets */,
				17E808812A42DE2E00E5CC1B /* SnippetBox.entitlements */,
				17E808822A42DE2E00E5CC1B /* Preview Content */,
			);
			path = SnippetBox;
			sourceTree = "<group>";
		};
		17E808822A42DE2E00E5CC1B /* Preview Content */ = {
			isa = PBXGroup;
			children = (
				17E808832A42DE2E00E5CC1B /* Preview Assets.xcassets */,
			);
			path = "Preview Content";
			sourceTree = "<group>";
		};
		17E8088C2A42DE2E00E5CC1B /* SnippetBoxTests */ = {
			isa = PBXGroup;
			children = (
				17E8088D2A42DE2E00E5CC1B /* SnippetBoxTests.swift */,
			);
			path = SnippetBoxTests;
			sourceTree = "<group>";
		};
		17E808962A42DE2E00E5CC1B /* SnippetBoxUITests */ = {
			isa = PBXGroup;
			children = (
				17E808972A42DE2E00E5CC1B /* SnippetBoxUITests.swift */,
				17E808992A42DE2E00E5CC1B /* SnippetBoxUITestsLaunchTests.swift */,
			);
			path = SnippetBoxUITests;
			sourceTree = "<group>";
		};
		17E808A62A42E0CE00E5CC1B /* model */ = {
			isa = PBXGroup;
			children = (
				17E808A72A42E0DB00E5CC1B /* Snippet+helper.swift */,
				17E808A92A42E0E400E5CC1B /* Folder+helper.swift */,
				17E808AB2A42E0F000E5CC1B /* Tag+helper.swift */,
			);
			path = model;
			sourceTree = "<group>";
		};
		17E808AD2A42E31A00E5CC1B /* core data */ = {
			isa = PBXGroup;
			children = (
				17E808782A42DE2D00E5CC1B /* Persistence.swift */,
				17E808AE2A42E3A200E5CC1B /* NSPredicate+Helper.swift */,
				17E808B62A42E49C00E5CC1B /* Color+Helper.swift */,
				17E808A62A42E0CE00E5CC1B /* model */,
			);
			path = "core data";
			sourceTree = "<group>";
		};
		17E808BB2A430B7800E5CC1B /* helper */ = {
			isa = PBXGroup;
			children = (
				17E808BC2A430B9100E5CC1B /* macOS.swift */,
				17E808CA2A43221400E5CC1B /* iOS.swift */,
			);
			path = helper;
			sourceTree = "<group>";
		};
/* End PBXGroup section */

/* Begin PBXNativeTarget section */
		17E808722A42DE2D00E5CC1B /* SnippetBox */ = {
			isa = PBXNativeTarget;
			buildConfigurationList = 17E8089D2A42DE2E00E5CC1B /* Build configuration list for PBXNativeTarget "SnippetBox" */;
			buildPhases = (
				17E8086F2A42DE2D00E5CC1B /* Sources */,
				17E808702A42DE2D00E5CC1B /* Frameworks */,
				17E808712A42DE2D00E5CC1B /* Resources */,
			);
			buildRules = (
			);
			dependencies = (
			);
			name = SnippetBox;
			packageProductDependencies = (
				17E808B92A43075900E5CC1B /* CodeEditor */,
			);
			productName = SnippetBox;
			productReference = 17E808732A42DE2D00E5CC1B /* SnippetBox.app */;
			productType = "com.apple.product-type.application";
		};
		17E808882A42DE2E00E5CC1B /* SnippetBoxTests */ = {
			isa = PBXNativeTarget;
			buildConfigurationList = 17E808A02A42DE2E00E5CC1B /* Build configuration list for PBXNativeTarget "SnippetBoxTests" */;
			buildPhases = (
				17E808852A42DE2E00E5CC1B /* Sources */,
				17E808862A42DE2E00E5CC1B /* Frameworks */,
				17E808872A42DE2E00E5CC1B /* Resources */,
			);
			buildRules = (
			);
			dependencies = (
				17E8088B2A42DE2E00E5CC1B /* PBXTargetDependency */,
			);
			name = SnippetBoxTests;
			productName = SnippetBoxTests;
			productReference = 17E808892A42DE2E00E5CC1B /* SnippetBoxTests.xctest */;
			productType = "com.apple.product-type.bundle.unit-test";
		};
		17E808922A42DE2E00E5CC1B /* SnippetBoxUITests */ = {
			isa = PBXNativeTarget;
			buildConfigurationList = 17E808A32A42DE2E00E5CC1B /* Build configuration list for PBXNativeTarget "SnippetBoxUITests" */;
			buildPhases = (
				17E8088F2A42DE2E00E5CC1B /* Sources */,
				17E808902A42DE2E00E5CC1B /* Frameworks */,
				17E808912A42DE2E00E5CC1B /* Resources */,
			);
			buildRules = (
			);
			dependencies = (
				17E808952A42DE2E00E5CC1B /* PBXTargetDependency */,
			);
			name = SnippetBoxUITests;
			productName = SnippetBoxUITests;
			productReference = 17E808932A42DE2E00E5CC1B /* SnippetBoxUITests.xctest */;
			productType = "com.apple.product-type.bundle.ui-testing";
		};
/* End PBXNativeTarget section */

/* Begin PBXProject section */
		17E8086B2A42DE2D00E5CC1B /* Project object */ = {
			isa = PBXProject;
			attributes = {
				BuildIndependentTargetsInParallel = 1;
				LastSwiftUpdateCheck = 1430;
				LastUpgradeCheck = 1430;
				TargetAttributes = {
					17E808722A42DE2D00E5CC1B = {
						CreatedOnToolsVersion = 14.3.1;
					};
					17E808882A42DE2E00E5CC1B = {
						CreatedOnToolsVersion = 14.3.1;
						TestTargetID = 17E808722A42DE2D00E5CC1B;
					};
					17E808922A42DE2E00E5CC1B = {
						CreatedOnToolsVersion = 14.3.1;
						TestTargetID = 17E808722A42DE2D00E5CC1B;
					};
				};
			};
			buildConfigurationList = 17E8086E2A42DE2D00E5CC1B /* Build configuration list for PBXProject "SnippetBox" */;
			compatibilityVersion = "Xcode 14.0";
			developmentRegion = en;
			hasScannedForEncodings = 0;
			knownRegions = (
				en,
				Base,
			);
			mainGroup = 17E8086A2A42DE2D00E5CC1B;
			packageReferences = (
				17E808B82A43075900E5CC1B /* XCRemoteSwiftPackageReference "CodeEditor" */,
			);
			productRefGroup = 17E808742A42DE2D00E5CC1B /* Products */;
			projectDirPath = "";
			projectRoot = "";
			targets = (
				17E808722A42DE2D00E5CC1B /* SnippetBox */,
				17E808882A42DE2E00E5CC1B /* SnippetBoxTests */,
				17E808922A42DE2E00E5CC1B /* SnippetBoxUITests */,
			);
		};
/* End PBXProject section */

/* Begin PBXResourcesBuildPhase section */
		17E808712A42DE2D00E5CC1B /* Resources */ = {
			isa = PBXResourcesBuildPhase;
			buildActionMask = 2147483647;
			files = (
				17E808842A42DE2E00E5CC1B /* Preview Assets.xcassets in Resources */,
				17E808802A42DE2E00E5CC1B /* Assets.xcassets in Resources */,
			);
			runOnlyForDeploymentPostprocessing = 0;
		};
		17E808872A42DE2E00E5CC1B /* Resources */ = {
			isa = PBXResourcesBuildPhase;
			buildActionMask = 2147483647;
			files = (
			);
			runOnlyForDeploymentPostprocessing = 0;
		};
		17E808912A42DE2E00E5CC1B /* Resources */ = {
			isa = PBXResourcesBuildPhase;
			buildActionMask = 2147483647;
			files = (
			);
			runOnlyForDeploymentPostprocessing = 0;
		};
/* End PBXResourcesBuildPhase section */

/* Begin PBXSourcesBuildPhase section */
		17E8086F2A42DE2D00E5CC1B /* Sources */ = {
			isa = PBXSourcesBuildPhase;
			buildActionMask = 2147483647;
			files = (
				17E808C72A4318B100E5CC1B /* NewTagView.swift in Sources */,
				17E808AF2A42E3A200E5CC1B /* NSPredicate+Helper.swift in Sources */,
				17E8087C2A42DE2D00E5CC1B /* SnippetBox.xcdatamodeld in Sources */,
				17E808BF2A430BBD00E5CC1B /* SnippetImageView.swift in Sources */,
				17E808C52A4317EC00E5CC1B /* AddTagToSnippetsView.swift in Sources */,
				17E808B32A42E40D00E5CC1B /* SnippetListView.swift in Sources */,
				17E808C92A431EE700E5CC1B /* FolderRow.swift in Sources */,
				17E808AA2A42E0E400E5CC1B /* Folder+helper.swift in Sources */,
				17E808BD2A430B9100E5CC1B /* macOS.swift in Sources */,
				17E808B12A42E3FC00E5CC1B /* FolderListView.swift in Sources */,
				17E808C32A430F7900E5CC1B /* FavoriteToggleStyle.swift in Sources */,
				17E808CB2A43221400E5CC1B /* iOS.swift in Sources */,
				17E808772A42DE2D00E5CC1B /* SnippetBoxApp.swift in Sources */,
				17E808A82A42E0DB00E5CC1B /* Snippet+helper.swift in Sources */,
				17E8087E2A42DE2D00E5CC1B /* ContentView.swift in Sources */,
				17E808B52A42E41600E5CC1B /* SnippetDetailView.swift in Sources */,
				17E808AC2A42E0F000E5CC1B /* Tag+helper.swift in Sources */,
				17E808792A42DE2D00E5CC1B /* Persistence.swift in Sources */,
				17E808C12A430C7200E5CC1B /* ImageSelectorButton.swift in Sources */,
				17E808B72A42E49C00E5CC1B /* Color+Helper.swift in Sources */,
			);
			runOnlyForDeploymentPostprocessing = 0;
		};
		17E808852A42DE2E00E5CC1B /* Sources */ = {
			isa = PBXSourcesBuildPhase;
			buildActionMask = 2147483647;
			files = (
				17E8088E2A42DE2E00E5CC1B /* SnippetBoxTests.swift in Sources */,
			);
			runOnlyForDeploymentPostprocessing = 0;
		};
		17E8088F2A42DE2E00E5CC1B /* Sources */ = {
			isa = PBXSourcesBuildPhase;
			buildActionMask = 2147483647;
			files = (
				17E8089A2A42DE2E00E5CC1B /* SnippetBoxUITestsLaunchTests.swift in Sources */,
				17E808982A42DE2E00E5CC1B /* SnippetBoxUITests.swift in Sources */,
			);
			runOnlyForDeploymentPostprocessing = 0;
		};
/* End PBXSourcesBuildPhase section */

/* Begin PBXTargetDependency section */
		17E8088B2A42DE2E00E5CC1B /* PBXTargetDependency */ = {
			isa = PBXTargetDependency;
			target = 17E808722A42DE2D00E5CC1B /* SnippetBox */;
			targetProxy = 17E8088A2A42DE2E00E5CC1B /* PBXContainerItemProxy */;
		};
		17E808952A42DE2E00E5CC1B /* PBXTargetDependency */ = {
			isa = PBXTargetDependency;
			target = 17E808722A42DE2D00E5CC1B /* SnippetBox */;
			targetProxy = 17E808942A42DE2E00E5CC1B /* PBXContainerItemProxy */;
		};
/* End PBXTargetDependency section */

/* Begin XCBuildConfiguration section */
		17E8089B2A42DE2E00E5CC1B /* Debug */ = {
			isa = XCBuildConfiguration;
			buildSettings = {
				ALWAYS_SEARCH_USER_PATHS = NO;
				CLANG_ANALYZER_NONNULL = YES;
				CLANG_ANALYZER_NUMBER_OBJECT_CONVERSION = YES_AGGRESSIVE;
				CLANG_CXX_LANGUAGE_STANDARD = "gnu++20";
				CLANG_ENABLE_MODULES = YES;
				CLANG_ENABLE_OBJC_ARC = YES;
				CLANG_ENABLE_OBJC_WEAK = YES;
				CLANG_WARN_BLOCK_CAPTURE_AUTORELEASING = YES;
				CLANG_WARN_BOOL_CONVERSION = YES;
				CLANG_WARN_COMMA = YES;
				CLANG_WARN_CONSTANT_CONVERSION = YES;
				CLANG_WARN_DEPRECATED_OBJC_IMPLEMENTATIONS = YES;
				CLANG_WARN_DIRECT_OBJC_ISA_USAGE = YES_ERROR;
				CLANG_WARN_DOCUMENTATION_COMMENTS = YES;
				CLANG_WARN_EMPTY_BODY = YES;
				CLANG_WARN_ENUM_CONVERSION = YES;
				CLANG_WARN_INFINITE_RECURSION = YES;
				CLANG_WARN_INT_CONVERSION = YES;
				CLANG_WARN_NON_LITERAL_NULL_CONVERSION = YES;
				CLANG_WARN_OBJC_IMPLICIT_RETAIN_SELF = YES;
				CLANG_WARN_OBJC_LITERAL_CONVERSION = YES;
				CLANG_WARN_OBJC_ROOT_CLASS = YES_ERROR;
				CLANG_WARN_QUOTED_INCLUDE_IN_FRAMEWORK_HEADER = YES;
				CLANG_WARN_RANGE_LOOP_ANALYSIS = YES;
				CLANG_WARN_STRICT_PROTOTYPES = YES;
				CLANG_WARN_SUSPICIOUS_MOVE = YES;
				CLANG_WARN_UNGUARDED_AVAILABILITY = YES_AGGRESSIVE;
				CLANG_WARN_UNREACHABLE_CODE = YES;
				CLANG_WARN__DUPLICATE_METHOD_MATCH = YES;
				COPY_PHASE_STRIP = NO;
				DEBUG_INFORMATION_FORMAT = dwarf;
				ENABLE_STRICT_OBJC_MSGSEND = YES;
				ENABLE_TESTABILITY = YES;
				GCC_C_LANGUAGE_STANDARD = gnu11;
				GCC_DYNAMIC_NO_PIC = NO;
				GCC_NO_COMMON_BLOCKS = YES;
				GCC_OPTIMIZATION_LEVEL = 0;
				GCC_PREPROCESSOR_DEFINITIONS = (
					"DEBUG=1",
					"$(inherited)",
				);
				GCC_WARN_64_TO_32_BIT_CONVERSION = YES;
				GCC_WARN_ABOUT_RETURN_TYPE = YES_ERROR;
				GCC_WARN_UNDECLARED_SELECTOR = YES;
				GCC_WARN_UNINITIALIZED_AUTOS = YES_AGGRESSIVE;
				GCC_WARN_UNUSED_FUNCTION = YES;
				GCC_WARN_UNUSED_VARIABLE = YES;
				MTL_ENABLE_DEBUG_INFO = INCLUDE_SOURCE;
				MTL_FAST_MATH = YES;
				ONLY_ACTIVE_ARCH = YES;
				SWIFT_ACTIVE_COMPILATION_CONDITIONS = DEBUG;
				SWIFT_OPTIMIZATION_LEVEL = "-Onone";
			};
			name = Debug;
		};
		17E8089C2A42DE2E00E5CC1B /* Release */ = {
			isa = XCBuildConfiguration;
			buildSettings = {
				ALWAYS_SEARCH_USER_PATHS = NO;
				CLANG_ANALYZER_NONNULL = YES;
				CLANG_ANALYZER_NUMBER_OBJECT_CONVERSION = YES_AGGRESSIVE;
				CLANG_CXX_LANGUAGE_STANDARD = "gnu++20";
				CLANG_ENABLE_MODULES = YES;
				CLANG_ENABLE_OBJC_ARC = YES;
				CLANG_ENABLE_OBJC_WEAK = YES;
				CLANG_WARN_BLOCK_CAPTURE_AUTORELEASING = YES;
				CLANG_WARN_BOOL_CONVERSION = YES;
				CLANG_WARN_COMMA = YES;
				CLANG_WARN_CONSTANT_CONVERSION = YES;
				CLANG_WARN_DEPRECATED_OBJC_IMPLEMENTATIONS = YES;
				CLANG_WARN_DIRECT_OBJC_ISA_USAGE = YES_ERROR;
				CLANG_WARN_DOCUMENTATION_COMMENTS = YES;
				CLANG_WARN_EMPTY_BODY = YES;
				CLANG_WARN_ENUM_CONVERSION = YES;
				CLANG_WARN_INFINITE_RECURSION = YES;
				CLANG_WARN_INT_CONVERSION = YES;
				CLANG_WARN_NON_LITERAL_NULL_CONVERSION = YES;
				CLANG_WARN_OBJC_IMPLICIT_RETAIN_SELF = YES;
				CLANG_WARN_OBJC_LITERAL_CONVERSION = YES;
				CLANG_WARN_OBJC_ROOT_CLASS = YES_ERROR;
				CLANG_WARN_QUOTED_INCLUDE_IN_FRAMEWORK_HEADER = YES;
				CLANG_WARN_RANGE_LOOP_ANALYSIS = YES;
				CLANG_WARN_STRICT_PROTOTYPES = YES;
				CLANG_WARN_SUSPICIOUS_MOVE = YES;
				CLANG_WARN_UNGUARDED_AVAILABILITY = YES_AGGRESSIVE;
				CLANG_WARN_UNREACHABLE_CODE = YES;
				CLANG_WARN__DUPLICATE_METHOD_MATCH = YES;
				COPY_PHASE_STRIP = NO;
				DEBUG_INFORMATION_FORMAT = "dwarf-with-dsym";
				ENABLE_NS_ASSERTIONS = NO;
				ENABLE_STRICT_OBJC_MSGSEND = YES;
				GCC_C_LANGUAGE_STANDARD = gnu11;
				GCC_NO_COMMON_BLOCKS = YES;
				GCC_WARN_64_TO_32_BIT_CONVERSION = YES;
				GCC_WARN_ABOUT_RETURN_TYPE = YES_ERROR;
				GCC_WARN_UNDECLARED_SELECTOR = YES;
				GCC_WARN_UNINITIALIZED_AUTOS = YES_AGGRESSIVE;
				GCC_WARN_UNUSED_FUNCTION = YES;
				GCC_WARN_UNUSED_VARIABLE = YES;
				MTL_ENABLE_DEBUG_INFO = NO;
				MTL_FAST_MATH = YES;
				SWIFT_COMPILATION_MODE = wholemodule;
				SWIFT_OPTIMIZATION_LEVEL = "-O";
			};
			name = Release;
		};
		17E8089E2A42DE2E00E5CC1B /* Debug */ = {
			isa = XCBuildConfiguration;
			buildSettings = {
				ASSETCATALOG_COMPILER_APPICON_NAME = AppIcon;
				ASSETCATALOG_COMPILER_GLOBAL_ACCENT_COLOR_NAME = AccentColor;
				CODE_SIGN_ENTITLEMENTS = SnippetBox/SnippetBox.entitlements;
				CODE_SIGN_STYLE = Automatic;
				CURRENT_PROJECT_VERSION = 1;
				DEVELOPMENT_ASSET_PATHS = "\"SnippetBox/Preview Content\"";
				DEVELOPMENT_TEAM = 2ZB33FC454;
				ENABLE_HARDENED_RUNTIME = YES;
				ENABLE_PREVIEWS = YES;
				GENERATE_INFOPLIST_FILE = YES;
				"INFOPLIST_KEY_UIApplicationSceneManifest_Generation[sdk=iphoneos*]" = YES;
				"INFOPLIST_KEY_UIApplicationSceneManifest_Generation[sdk=iphonesimulator*]" = YES;
				"INFOPLIST_KEY_UIApplicationSupportsIndirectInputEvents[sdk=iphoneos*]" = YES;
				"INFOPLIST_KEY_UIApplicationSupportsIndirectInputEvents[sdk=iphonesimulator*]" = YES;
				"INFOPLIST_KEY_UILaunchScreen_Generation[sdk=iphoneos*]" = YES;
				"INFOPLIST_KEY_UILaunchScreen_Generation[sdk=iphonesimulator*]" = YES;
				"INFOPLIST_KEY_UIStatusBarStyle[sdk=iphoneos*]" = UIStatusBarStyleDefault;
				"INFOPLIST_KEY_UIStatusBarStyle[sdk=iphonesimulator*]" = UIStatusBarStyleDefault;
				INFOPLIST_KEY_UISupportedInterfaceOrientations_iPad = "UIInterfaceOrientationPortrait UIInterfaceOrientationPortraitUpsideDown UIInterfaceOrientationLandscapeLeft UIInterfaceOrientationLandscapeRight";
				INFOPLIST_KEY_UISupportedInterfaceOrientations_iPhone = "UIInterfaceOrientationPortrait UIInterfaceOrientationLandscapeLeft UIInterfaceOrientationLandscapeRight";
				IPHONEOS_DEPLOYMENT_TARGET = 16.4;
				LD_RUNPATH_SEARCH_PATHS = "@executable_path/Frameworks";
				"LD_RUNPATH_SEARCH_PATHS[sdk=macosx*]" = "@executable_path/../Frameworks";
				MACOSX_DEPLOYMENT_TARGET = 13.3;
				MARKETING_VERSION = 1.0;
				PRODUCT_BUNDLE_IDENTIFIER = com.karinprater.SnippetBox;
				PRODUCT_NAME = "$(TARGET_NAME)";
				SDKROOT = auto;
				SUPPORTED_PLATFORMS = "iphoneos iphonesimulator macosx";
				SWIFT_EMIT_LOC_STRINGS = YES;
				SWIFT_VERSION = 5.0;
				TARGETED_DEVICE_FAMILY = "1,2";
			};
			name = Debug;
		};
		17E8089F2A42DE2E00E5CC1B /* Release */ = {
			isa = XCBuildConfiguration;
			buildSettings = {
				ASSETCATALOG_COMPILER_APPICON_NAME = AppIcon;
				ASSETCATALOG_COMPILER_GLOBAL_ACCENT_COLOR_NAME = AccentColor;
				CODE_SIGN_ENTITLEMENTS = SnippetBox/SnippetBox.entitlements;
				CODE_SIGN_STYLE = Automatic;
				CURRENT_PROJECT_VERSION = 1;
				DEVELOPMENT_ASSET_PATHS = "\"SnippetBox/Preview Content\"";
				DEVELOPMENT_TEAM = 2ZB33FC454;
				ENABLE_HARDENED_RUNTIME = YES;
				ENABLE_PREVIEWS = YES;
				GENERATE_INFOPLIST_FILE = YES;
				"INFOPLIST_KEY_UIApplicationSceneManifest_Generation[sdk=iphoneos*]" = YES;
				"INFOPLIST_KEY_UIApplicationSceneManifest_Generation[sdk=iphonesimulator*]" = YES;
				"INFOPLIST_KEY_UIApplicationSupportsIndirectInputEvents[sdk=iphoneos*]" = YES;
				"INFOPLIST_KEY_UIApplicationSupportsIndirectInputEvents[sdk=iphonesimulator*]" = YES;
				"INFOPLIST_KEY_UILaunchScreen_Generation[sdk=iphoneos*]" = YES;
				"INFOPLIST_KEY_UILaunchScreen_Generation[sdk=iphonesimulator*]" = YES;
				"INFOPLIST_KEY_UIStatusBarStyle[sdk=iphoneos*]" = UIStatusBarStyleDefault;
				"INFOPLIST_KEY_UIStatusBarStyle[sdk=iphonesimulator*]" = UIStatusBarStyleDefault;
				INFOPLIST_KEY_UISupportedInterfaceOrientations_iPad = "UIInterfaceOrientationPortrait UIInterfaceOrientationPortraitUpsideDown UIInterfaceOrientationLandscapeLeft UIInterfaceOrientationLandscapeRight";
				INFOPLIST_KEY_UISupportedInterfaceOrientations_iPhone = "UIInterfaceOrientationPortrait UIInterfaceOrientationLandscapeLeft UIInterfaceOrientationLandscapeRight";
				IPHONEOS_DEPLOYMENT_TARGET = 16.4;
				LD_RUNPATH_SEARCH_PATHS = "@executable_path/Frameworks";
				"LD_RUNPATH_SEARCH_PATHS[sdk=macosx*]" = "@executable_path/../Frameworks";
				MACOSX_DEPLOYMENT_TARGET = 13.3;
				MARKETING_VERSION = 1.0;
				PRODUCT_BUNDLE_IDENTIFIER = com.karinprater.SnippetBox;
				PRODUCT_NAME = "$(TARGET_NAME)";
				SDKROOT = auto;
				SUPPORTED_PLATFORMS = "iphoneos iphonesimulator macosx";
				SWIFT_EMIT_LOC_STRINGS = YES;
				SWIFT_VERSION = 5.0;
				TARGETED_DEVICE_FAMILY = "1,2";
			};
			name = Release;
		};
		17E808A12A42DE2E00E5CC1B /* Debug */ = {
			isa = XCBuildConfiguration;
			buildSettings = {
				ALWAYS_EMBED_SWIFT_STANDARD_LIBRARIES = YES;
				BUNDLE_LOADER = "$(TEST_HOST)";
				CODE_SIGN_STYLE = Automatic;
				CURRENT_PROJECT_VERSION = 1;
				DEVELOPMENT_TEAM = 2ZB33FC454;
				GENERATE_INFOPLIST_FILE = YES;
				IPHONEOS_DEPLOYMENT_TARGET = 16.4;
				MACOSX_DEPLOYMENT_TARGET = 13.3;
				MARKETING_VERSION = 1.0;
				PRODUCT_BUNDLE_IDENTIFIER = com.karinprater.SnippetBoxTests;
				PRODUCT_NAME = "$(TARGET_NAME)";
				SDKROOT = auto;
				SUPPORTED_PLATFORMS = "iphoneos iphonesimulator macosx";
				SWIFT_EMIT_LOC_STRINGS = NO;
				SWIFT_VERSION = 5.0;
				TARGETED_DEVICE_FAMILY = "1,2";
				TEST_HOST = "$(BUILT_PRODUCTS_DIR)/SnippetBox.app/$(BUNDLE_EXECUTABLE_FOLDER_PATH)/SnippetBox";
			};
			name = Debug;
		};
		17E808A22A42DE2E00E5CC1B /* Release */ = {
			isa = XCBuildConfiguration;
			buildSettings = {
				ALWAYS_EMBED_SWIFT_STANDARD_LIBRARIES = YES;
				BUNDLE_LOADER = "$(TEST_HOST)";
				CODE_SIGN_STYLE = Automatic;
				CURRENT_PROJECT_VERSION = 1;
				DEVELOPMENT_TEAM = 2ZB33FC454;
				GENERATE_INFOPLIST_FILE = YES;
				IPHONEOS_DEPLOYMENT_TARGET = 16.4;
				MACOSX_DEPLOYMENT_TARGET = 13.3;
				MARKETING_VERSION = 1.0;
				PRODUCT_BUNDLE_IDENTIFIER = com.karinprater.SnippetBoxTests;
				PRODUCT_NAME = "$(TARGET_NAME)";
				SDKROOT = auto;
				SUPPORTED_PLATFORMS = "iphoneos iphonesimulator macosx";
				SWIFT_EMIT_LOC_STRINGS = NO;
				SWIFT_VERSION = 5.0;
				TARGETED_DEVICE_FAMILY = "1,2";
				TEST_HOST = "$(BUILT_PRODUCTS_DIR)/SnippetBox.app/$(BUNDLE_EXECUTABLE_FOLDER_PATH)/SnippetBox";
			};
			name = Release;
		};
		17E808A42A42DE2E00E5CC1B /* Debug */ = {
			isa = XCBuildConfiguration;
			buildSettings = {
				ALWAYS_EMBED_SWIFT_STANDARD_LIBRARIES = YES;
				CODE_SIGN_STYLE = Automatic;
				CURRENT_PROJECT_VERSION = 1;
				DEVELOPMENT_TEAM = 2ZB33FC454;
				GENERATE_INFOPLIST_FILE = YES;
				IPHONEOS_DEPLOYMENT_TARGET = 16.4;
				MACOSX_DEPLOYMENT_TARGET = 13.3;
				MARKETING_VERSION = 1.0;
				PRODUCT_BUNDLE_IDENTIFIER = com.karinprater.SnippetBoxUITests;
				PRODUCT_NAME = "$(TARGET_NAME)";
				SDKROOT = auto;
				SUPPORTED_PLATFORMS = "iphoneos iphonesimulator macosx";
				SWIFT_EMIT_LOC_STRINGS = NO;
				SWIFT_VERSION = 5.0;
				TARGETED_DEVICE_FAMILY = "1,2";
				TEST_TARGET_NAME = SnippetBox;
			};
			name = Debug;
		};
		17E808A52A42DE2E00E5CC1B /* Release */ = {
			isa = XCBuildConfiguration;
			buildSettings = {
				ALWAYS_EMBED_SWIFT_STANDARD_LIBRARIES = YES;
				CODE_SIGN_STYLE = Automatic;
				CURRENT_PROJECT_VERSION = 1;
				DEVELOPMENT_TEAM = 2ZB33FC454;
				GENERATE_INFOPLIST_FILE = YES;
				IPHONEOS_DEPLOYMENT_TARGET = 16.4;
				MACOSX_DEPLOYMENT_TARGET = 13.3;
				MARKETING_VERSION = 1.0;
				PRODUCT_BUNDLE_IDENTIFIER = com.karinprater.SnippetBoxUITests;
				PRODUCT_NAME = "$(TARGET_NAME)";
				SDKROOT = auto;
				SUPPORTED_PLATFORMS = "iphoneos iphonesimulator macosx";
				SWIFT_EMIT_LOC_STRINGS = NO;
				SWIFT_VERSION = 5.0;
				TARGETED_DEVICE_FAMILY = "1,2";
				TEST_TARGET_NAME = SnippetBox;
			};
			name = Release;
		};
/* End XCBuildConfiguration section */

/* Begin XCConfigurationList section */
		17E8086E2A42DE2D00E5CC1B /* Build configuration list for PBXProject "SnippetBox" */ = {
			isa = XCConfigurationList;
			buildConfigurations = (
				17E8089B2A42DE2E00E5CC1B /* Debug */,
				17E8089C2A42DE2E00E5CC1B /* Release */,
			);
			defaultConfigurationIsVisible = 0;
			defaultConfigurationName = Release;
		};
		17E8089D2A42DE2E00E5CC1B /* Build configuration list for PBXNativeTarget "SnippetBox" */ = {
			isa = XCConfigurationList;
			buildConfigurations = (
				17E8089E2A42DE2E00E5CC1B /* Debug */,
				17E8089F2A42DE2E00E5CC1B /* Release */,
			);
			defaultConfigurationIsVisible = 0;
			defaultConfigurationName = Release;
		};
		17E808A02A42DE2E00E5CC1B /* Build configuration list for PBXNativeTarget "SnippetBoxTests" */ = {
			isa = XCConfigurationList;
			buildConfigurations = (
				17E808A12A42DE2E00E5CC1B /* Debug */,
				17E808A22A42DE2E00E5CC1B /* Release */,
			);
			defaultConfigurationIsVisible = 0;
			defaultConfigurationName = Release;
		};
		17E808A32A42DE2E00E5CC1B /* Build configuration list for PBXNativeTarget "SnippetBoxUITests" */ = {
			isa = XCConfigurationList;
			buildConfigurations = (
				17E808A42A42DE2E00E5CC1B /* Debug */,
				17E808A52A42DE2E00E5CC1B /* Release */,
			);
			defaultConfigurationIsVisible = 0;
			defaultConfigurationName = Release;
		};
/* End XCConfigurationList section */

/* Begin XCRemoteSwiftPackageReference section */
		17E808B82A43075900E5CC1B /* XCRemoteSwiftPackageReference "CodeEditor" */ = {
			isa = XCRemoteSwiftPackageReference;
			repositoryURL = "https://github.com/ZeeZide/CodeEditor.git";
			requirement = {
				kind = upToNextMajorVersion;
				minimumVersion = 1.0.0;
			};
		};
/* End XCRemoteSwiftPackageReference section */

/* Begin XCSwiftPackageProductDependency section */
		17E808B92A43075900E5CC1B /* CodeEditor */ = {
			isa = XCSwiftPackageProductDependency;
			package = 17E808B82A43075900E5CC1B /* XCRemoteSwiftPackageReference "CodeEditor" */;
			productName = CodeEditor;
		};
/* End XCSwiftPackageProductDependency section */

/* Begin XCVersionGroup section */
		17E8087A2A42DE2D00E5CC1B /* SnippetBox.xcdatamodeld */ = {
			isa = XCVersionGroup;
			children = (
				17E8087B2A42DE2D00E5CC1B /* SnippetBox.xcdatamodel */,
			);
			currentVersion = 17E8087B2A42DE2D00E5CC1B /* SnippetBox.xcdatamodel */;
			path = SnippetBox.xcdatamodeld;
			sourceTree = "<group>";
			versionGroupType = wrapper.xcdatamodel;
		};
/* End XCVersionGroup section */
	};
	rootObject = 17E8086B2A42DE2D00E5CC1B /* Project object */;
}
